<Solution>
  <Project Path="Kindergarden.ApplicationServices/Kindergarden.ApplicationServices.csproj" />
  <Project Path="Kindergarden.Core/Kindergarden.Core.csproj" />
  <Project Path="Kindergarden.Data/Kindergarden.Data.csproj" />
  <Project Path="KindergardenTAR/KindergardenTAR.csproj" />
</Solution>
